
Microsoft Visual Studio Solution File, Format Version 12.00
# Visual Studio Version 17
VisualStudioVersion = 17.0.31903.59
MinimumVisualStudioVersion = 10.0.40219.1
Project("{2150E333-8FDC-42A3-9474-1A3956D46DE8}") = "src", "src", "{827E0CD3-B72D-47B6-A68D-7590B98EB39B}"
EndProject
Project("{FAE04EC0-301F-11D3-BF4B-00C04F79EFBC}") = "Fleet.Api.Workshop", "src\Fleet.Api.Workshop\Fleet.Api.Workshop.csproj", "{6E3DFF2F-30C5-4A6F-A643-E9FA2B500786}"
EndProject
Project("{FAE04EC0-301F-11D3-BF4B-00C04F79EFBC}") = "Fleet.Common", "src\Fleet.Common\Fleet.Common.csproj", "{E541940B-59F6-487F-A7CE-A3FC14679E73}"
EndProject
Project("{FAE04EC0-301F-11D3-BF4B-00C04F79EFBC}") = "Fleet.Modules.Vehicles", "src\Modules\Vehicles\Fleet.Modules.Vehicles\Fleet.Modules.Vehicles.csproj", "{12502AC9-166E-4600-B714-0415A58CA398}"
EndProject
Project("{FAE04EC0-301F-11D3-BF4B-00C04F79EFBC}") = "Fleet.Modules.Vehicles.Contracts", "src\Modules\Vehicles\Fleet.Modules.Vehicles.Contracts\Fleet.Modules.Vehicles.Contracts.csproj", "{41CD2F86-2FE9-4EBD-8FAE-9ABE6F8D319C}"
EndProject
Project("{FAE04EC0-301F-11D3-BF4B-00C04F79EFBC}") = "Fleet.Modules.Drivers", "src\Modules\Drivers\Fleet.Modules.Drivers\Fleet.Modules.Drivers.csproj", "{81695BC8-384B-469F-A768-634CB2D6A257}"
EndProject
Project("{FAE04EC0-301F-11D3-BF4B-00C04F79EFBC}") = "Fleet.Modules.Drivers.Contracts", "src\Modules\Drivers\Fleet.Modules.Drivers.Contracts\Fleet.Modules.Drivers.Contracts.csproj", "{4229A323-E301-4CD2-B0E0-69038D137A64}"
EndProject
Project("{FAE04EC0-301F-11D3-BF4B-00C04F79EFBC}") = "Fleet.Modules.Bookings", "src\Modules\Bookings\Fleet.Modules.Bookings\Fleet.Modules.Bookings.csproj", "{37D117B6-7356-40E4-ACBC-E096E94AF2AF}"
EndProject
Project("{FAE04EC0-301F-11D3-BF4B-00C04F79EFBC}") = "Fleet.Modules.Bookings.Contracts", "src\Modules\Bookings\Fleet.Modules.Bookings.Contracts\Fleet.Modules.Bookings.Contracts.csproj", "{966BCC84-0F8D-421F-B5ED-34D545DBBF29}"
EndProject
Project("{FAE04EC0-301F-11D3-BF4B-00C04F79EFBC}") = "Fleet.Modules.Maintenance", "src\Modules\Maintenance\Fleet.Modules.Maintenance\Fleet.Modules.Maintenance.csproj", "{F326EFE5-A30F-401E-A8E5-F49EB16A1620}"
EndProject
Project("{FAE04EC0-301F-11D3-BF4B-00C04F79EFBC}") = "Fleet.Modules.Maintenance.Contracts", "src\Modules\Maintenance\Fleet.Modules.Maintenance.Contracts\Fleet.Modules.Maintenance.Contracts.csproj", "{DB13E795-C832-4130-A3B9-525068CB1398}"
EndProject
Project("{FAE04EC0-301F-11D3-BF4B-00C04F79EFBC}") = "Fleet.Modules.Reporting", "src\Modules\Reporting\Fleet.Modules.Reporting\Fleet.Modules.Reporting.csproj", "{5132D3BF-6701-4E16-89DD-86BA72A2951D}"
EndProject
Project("{FAE04EC0-301F-11D3-BF4B-00C04F79EFBC}") = "Fleet.Modules.Reporting.Contracts", "src\Modules\Reporting\Fleet.Modules.Reporting.Contracts\Fleet.Modules.Reporting.Contracts.csproj", "{9A220E69-222D-435F-94EC-D12112FCD5D2}"
EndProject
Project("{FAE04EC0-301F-11D3-BF4B-00C04F79EFBC}") = "Fleet.Modules.Notifications", "src\Modules\Notifications\Fleet.Modules.Notifications\Fleet.Modules.Notifications.csproj", "{DE9C23A4-2CAB-4CE8-BAB3-B458D833DAE7}"
EndProject
Project("{FAE04EC0-301F-11D3-BF4B-00C04F79EFBC}") = "Fleet.Modules.Notifications.Contracts", "src\Modules\Notifications\Fleet.Modules.Notifications.Contracts\Fleet.Modules.Notifications.Contracts.csproj", "{B95EA107-E3E1-4B08-9B28-91567AB811E3}"
EndProject
Project("{FAE04EC0-301F-11D3-BF4B-00C04F79EFBC}") = "Fleet.Api", "src\Fleet.Api\Fleet.Api.csproj", "{8E44E56C-7AF2-467A-AAD5-A441874838DA}"
EndProject
Project("{FAE04EC0-301F-11D3-BF4B-00C04F79EFBC}") = "Supplier.Api.Fake", "src\Supplier.Api.Fake\Supplier.Api.Fake.csproj", "{C7F1BFCA-3C70-42E9-A6C8-3FE216399BDE}"
EndProject
Project("{2150E333-8FDC-42A3-9474-1A3956D46DE8}") = "tests", "tests", "{0AB3BF05-4346-4AA6-1389-037BE0695223}"
EndProject
Project("{FAE04EC0-301F-11D3-BF4B-00C04F79EFBC}") = "Fleet.Api.IntegrationTests", "tests\Fleet.Api.IntegrationTests\Fleet.Api.IntegrationTests.csproj", "{7A646CC1-7825-43C8-BD0C-F8DCE20C0082}"
EndProject
Project("{FAE04EC0-301F-11D3-BF4B-00C04F79EFBC}") = "Fleet.Architecture.Tests", "tests\Fleet.Architecture.Tests\Fleet.Architecture.Tests.csproj", "{356477E0-9560-42B5-8828-C808B996F730}"
EndProject
Project("{FAE04EC0-301F-11D3-BF4B-00C04F79EFBC}") = "Fleet.Modules.Bookings.Tests", "tests\Fleet.Modules.Bookings.Tests\Fleet.Modules.Bookings.Tests.csproj", "{1F700EEC-0CAA-4015-8760-E21D5FA23893}"
EndProject
Project("{FAE04EC0-301F-11D3-BF4B-00C04F79EFBC}") = "Fleet.Modules.Drivers.Tests", "tests\Fleet.Modules.Drivers.Tests\Fleet.Modules.Drivers.Tests.csproj", "{578209DD-0EF5-4D3F-95B8-DAC24654FFDE}"
EndProject
Project("{FAE04EC0-301F-11D3-BF4B-00C04F79EFBC}") = "Fleet.Modules.Maintenance.Tests", "tests\Fleet.Modules.Maintenance.Tests\Fleet.Modules.Maintenance.Tests.csproj", "{8DA19E1D-8A0C-4F82-926E-2F7186F6AD8E}"
EndProject
Project("{FAE04EC0-301F-11D3-BF4B-00C04F79EFBC}") = "Fleet.Modules.Notifications.Tests", "tests\Fleet.Modules.Notifications.Tests\Fleet.Modules.Notifications.Tests.csproj", "{AB4CE130-65E0-441E-94CE-13914B0288AE}"
EndProject
Project("{FAE04EC0-301F-11D3-BF4B-00C04F79EFBC}") = "Fleet.Modules.Reporting.Tests", "tests\Fleet.Modules.Reporting.Tests\Fleet.Modules.Reporting.Tests.csproj", "{295BE591-AC4B-4CF5-8C84-8BCE62BAC820}"
EndProject
Project("{FAE04EC0-301F-11D3-BF4B-00C04F79EFBC}") = "Fleet.Modules.Vehicles.Tests", "tests\Fleet.Modules.Vehicles.Tests\Fleet.Modules.Vehicles.Tests.csproj", "{D69CAB61-63DE-40CA-A053-4D22F04EFACD}"
EndProject
Project("{FAE04EC0-301F-11D3-BF4B-00C04F79EFBC}") = "Fleet.Common.Tests", "tests\Fleet.Common.Tests\Fleet.Common.Tests.csproj", "{231F5DCF-1B74-4A0A-ABAA-8AC24ED812E2}"
EndProject
Global
	GlobalSection(SolutionConfigurationPlatforms) = preSolution
		Debug|Any CPU = Debug|Any CPU
		Debug|x64 = Debug|x64
		Debug|x86 = Debug|x86
		Release|Any CPU = Release|Any CPU
		Release|x64 = Release|x64
		Release|x86 = Release|x86
	EndGlobalSection
	GlobalSection(ProjectConfigurationPlatforms) = postSolution
		{6E3DFF2F-30C5-4A6F-A643-E9FA2B500786}.Debug|Any CPU.ActiveCfg = Debug|Any CPU
		{6E3DFF2F-30C5-4A6F-A643-E9FA2B500786}.Debug|Any CPU.Build.0 = Debug|Any CPU
		{6E3DFF2F-30C5-4A6F-A643-E9FA2B500786}.Debug|x64.ActiveCfg = Debug|Any CPU
		{6E3DFF2F-30C5-4A6F-A643-E9FA2B500786}.Debug|x64.Build.0 = Debug|Any CPU
		{6E3DFF2F-30C5-4A6F-A643-E9FA2B500786}.Debug|x86.ActiveCfg = Debug|Any CPU
		{6E3DFF2F-30C5-4A6F-A643-E9FA2B500786}.Debug|x86.Build.0 = Debug|Any CPU
		{6E3DFF2F-30C5-4A6F-A643-E9FA2B500786}.Release|Any CPU.ActiveCfg = Release|Any CPU
		{6E3DFF2F-30C5-4A6F-A643-E9FA2B500786}.Release|Any CPU.Build.0 = Release|Any CPU
		{6E3DFF2F-30C5-4A6F-A643-E9FA2B500786}.Release|x64.ActiveCfg = Release|Any CPU
		{6E3DFF2F-30C5-4A6F-A643-E9FA2B500786}.Release|x64.Build.0 = Release|Any CPU
		{6E3DFF2F-30C5-4A6F-A643-E9FA2B500786}.Release|x86.ActiveCfg = Release|Any CPU
		{6E3DFF2F-30C5-4A6F-A643-E9FA2B500786}.Release|x86.Build.0 = Release|Any CPU
		{E541940B-59F6-487F-A7CE-A3FC14679E73}.Debug|Any CPU.ActiveCfg = Debug|Any CPU
		{E541940B-59F6-487F-A7CE-A3FC14679E73}.Debug|Any CPU.Build.0 = Debug|Any CPU
		{E541940B-59F6-487F-A7CE-A3FC14679E73}.Debug|x64.ActiveCfg = Debug|Any CPU
		{E541940B-59F6-487F-A7CE-A3FC14679E73}.Debug|x64.Build.0 = Debug|Any CPU
		{E541940B-59F6-487F-A7CE-A3FC14679E73}.Debug|x86.ActiveCfg = Debug|Any CPU
		{E541940B-59F6-487F-A7CE-A3FC14679E73}.Debug|x86.Build.0 = Debug|Any CPU
		{E541940B-59F6-487F-A7CE-A3FC14679E73}.Release|Any CPU.ActiveCfg = Release|Any CPU
		{E541940B-59F6-487F-A7CE-A3FC14679E73}.Release|Any CPU.Build.0 = Release|Any CPU
		{E541940B-59F6-487F-A7CE-A3FC14679E73}.Release|x64.ActiveCfg = Release|Any CPU
		{E541940B-59F6-487F-A7CE-A3FC14679E73}.Release|x64.Build.0 = Release|Any CPU
		{E541940B-59F6-487F-A7CE-A3FC14679E73}.Release|x86.ActiveCfg = Release|Any CPU
		{E541940B-59F6-487F-A7CE-A3FC14679E73}.Release|x86.Build.0 = Release|Any CPU
		{12502AC9-166E-4600-B714-0415A58CA398}.Debug|Any CPU.ActiveCfg = Debug|Any CPU
		{12502AC9-166E-4600-B714-0415A58CA398}.Debug|Any CPU.Build.0 = Debug|Any CPU
		{12502AC9-166E-4600-B714-0415A58CA398}.Debug|x64.ActiveCfg = Debug|Any CPU
		{12502AC9-166E-4600-B714-0415A58CA398}.Debug|x64.Build.0 = Debug|Any CPU
		{12502AC9-166E-4600-B714-0415A58CA398}.Debug|x86.ActiveCfg = Debug|Any CPU
		{12502AC9-166E-4600-B714-0415A58CA398}.Debug|x86.Build.0 = Debug|Any CPU
		{12502AC9-166E-4600-B714-0415A58CA398}.Release|Any CPU.ActiveCfg = Release|Any CPU
		{12502AC9-166E-4600-B714-0415A58CA398}.Release|Any CPU.Build.0 = Release|Any CPU
		{12502AC9-166E-4600-B714-0415A58CA398}.Release|x64.ActiveCfg = Release|Any CPU
		{12502AC9-166E-4600-B714-0415A58CA398}.Release|x64.Build.0 = Release|Any CPU
		{12502AC9-166E-4600-B714-0415A58CA398}.Release|x86.ActiveCfg = Release|Any CPU
		{12502AC9-166E-4600-B714-0415A58CA398}.Release|x86.Build.0 = Release|Any CPU
		{41CD2F86-2FE9-4EBD-8FAE-9ABE6F8D319C}.Debug|Any CPU.ActiveCfg = Debug|Any CPU
		{41CD2F86-2FE9-4EBD-8FAE-9ABE6F8D319C}.Debug|Any CPU.Build.0 = Debug|Any CPU
		{41CD2F86-2FE9-4EBD-8FAE-9ABE6F8D319C}.Debug|x64.ActiveCfg = Debug|Any CPU
		{41CD2F86-2FE9-4EBD-8FAE-9ABE6F8D319C}.Debug|x64.Build.0 = Debug|Any CPU
		{41CD2F86-2FE9-4EBD-8FAE-9ABE6F8D319C}.Debug|x86.ActiveCfg = Debug|Any CPU
		{41CD2F86-2FE9-4EBD-8FAE-9ABE6F8D319C}.Debug|x86.Build.0 = Debug|Any CPU
		{41CD2F86-2FE9-4EBD-8FAE-9ABE6F8D319C}.Release|Any CPU.ActiveCfg = Release|Any CPU
		{41CD2F86-2FE9-4EBD-8FAE-9ABE6F8D319C}.Release|Any CPU.Build.0 = Release|Any CPU
		{41CD2F86-2FE9-4EBD-8FAE-9ABE6F8D319C}.Release|x64.ActiveCfg = Release|Any CPU
		{41CD2F86-2FE9-4EBD-8FAE-9ABE6F8D319C}.Release|x64.Build.0 = Release|Any CPU
		{41CD2F86-2FE9-4EBD-8FAE-9ABE6F8D319C}.Release|x86.ActiveCfg = Release|Any CPU
		{41CD2F86-2FE9-4EBD-8FAE-9ABE6F8D319C}.Release|x86.Build.0 = Release|Any CPU
		{81695BC8-384B-469F-A768-634CB2D6A257}.Debug|Any CPU.ActiveCfg = Debug|Any CPU
		{81695BC8-384B-469F-A768-634CB2D6A257}.Debug|Any CPU.Build.0 = Debug|Any CPU
		{81695BC8-384B-469F-A768-634CB2D6A257}.Debug|x64.ActiveCfg = Debug|Any CPU
		{81695BC8-384B-469F-A768-634CB2D6A257}.Debug|x64.Build.0 = Debug|Any CPU
		{81695BC8-384B-469F-A768-634CB2D6A257}.Debug|x86.ActiveCfg = Debug|Any CPU
		{81695BC8-384B-469F-A768-634CB2D6A257}.Debug|x86.Build.0 = Debug|Any CPU
		{81695BC8-384B-469F-A768-634CB2D6A257}.Release|Any CPU.ActiveCfg = Release|Any CPU
		{81695BC8-384B-469F-A768-634CB2D6A257}.Release|Any CPU.Build.0 = Release|Any CPU
		{81695BC8-384B-469F-A768-634CB2D6A257}.Release|x64.ActiveCfg = Release|Any CPU
		{81695BC8-384B-469F-A768-634CB2D6A257}.Release|x64.Build.0 = Release|Any CPU
		{81695BC8-384B-469F-A768-634CB2D6A257}.Release|x86.ActiveCfg = Release|Any CPU
		{81695BC8-384B-469F-A768-634CB2D6A257}.Release|x86.Build.0 = Release|Any CPU
		{4229A323-E301-4CD2-B0E0-69038D137A64}.Debug|Any CPU.ActiveCfg = Debug|Any CPU
		{4229A323-E301-4CD2-B0E0-69038D137A64}.Debug|Any CPU.Build.0 = Debug|Any CPU
		{4229A323-E301-4CD2-B0E0-69038D137A64}.Debug|x64.ActiveCfg = Debug|Any CPU
		{4229A323-E301-4CD2-B0E0-69038D137A64}.Debug|x64.Build.0 = Debug|Any CPU
		{4229A323-E301-4CD2-B0E0-69038D137A64}.Debug|x86.ActiveCfg = Debug|Any CPU
		{4229A323-E301-4CD2-B0E0-69038D137A64}.Debug|x86.Build.0 = Debug|Any CPU
		{4229A323-E301-4CD2-B0E0-69038D137A64}.Release|Any CPU.ActiveCfg = Release|Any CPU
		{4229A323-E301-4CD2-B0E0-69038D137A64}.Release|Any CPU.Build.0 = Release|Any CPU
		{4229A323-E301-4CD2-B0E0-69038D137A64}.Release|x64.ActiveCfg = Release|Any CPU
		{4229A323-E301-4CD2-B0E0-69038D137A64}.Release|x64.Build.0 = Release|Any CPU
		{4229A323-E301-4CD2-B0E0-69038D137A64}.Release|x86.ActiveCfg = Release|Any CPU
		{4229A323-E301-4CD2-B0E0-69038D137A64}.Release|x86.Build.0 = Release|Any CPU
		{37D117B6-7356-40E4-ACBC-E096E94AF2AF}.Debug|Any CPU.ActiveCfg = Debug|Any CPU
		{37D117B6-7356-40E4-ACBC-E096E94AF2AF}.Debug|Any CPU.Build.0 = Debug|Any CPU
		{37D117B6-7356-40E4-ACBC-E096E94AF2AF}.Debug|x64.ActiveCfg = Debug|Any CPU
		{37D117B6-7356-40E4-ACBC-E096E94AF2AF}.Debug|x64.Build.0 = Debug|Any CPU
		{37D117B6-7356-40E4-ACBC-E096E94AF2AF}.Debug|x86.ActiveCfg = Debug|Any CPU
		{37D117B6-7356-40E4-ACBC-E096E94AF2AF}.Debug|x86.Build.0 = Debug|Any CPU
		{37D117B6-7356-40E4-ACBC-E096E94AF2AF}.Release|Any CPU.ActiveCfg = Release|Any CPU
		{37D117B6-7356-40E4-ACBC-E096E94AF2AF}.Release|Any CPU.Build.0 = Release|Any CPU
		{37D117B6-7356-40E4-ACBC-E096E94AF2AF}.Release|x64.ActiveCfg = Release|Any CPU
		{37D117B6-7356-40E4-ACBC-E096E94AF2AF}.Release|x64.Build.0 = Release|Any CPU
		{37D117B6-7356-40E4-ACBC-E096E94AF2AF}.Release|x86.ActiveCfg = Release|Any CPU
		{37D117B6-7356-40E4-ACBC-E096E94AF2AF}.Release|x86.Build.0 = Release|Any CPU
		{966BCC84-0F8D-421F-B5ED-34D545DBBF29}.Debug|Any CPU.ActiveCfg = Debug|Any CPU
		{966BCC84-0F8D-421F-B5ED-34D545DBBF29}.Debug|Any CPU.Build.0 = Debug|Any CPU
		{966BCC84-0F8D-421F-B5ED-34D545DBBF29}.Debug|x64.ActiveCfg = Debug|Any CPU
		{966BCC84-0F8D-421F-B5ED-34D545DBBF29}.Debug|x64.Build.0 = Debug|Any CPU
		{966BCC84-0F8D-421F-B5ED-34D545DBBF29}.Debug|x86.ActiveCfg = Debug|Any CPU
		{966BCC84-0F8D-421F-B5ED-34D545DBBF29}.Debug|x86.Build.0 = Debug|Any CPU
		{966BCC84-0F8D-421F-B5ED-34D545DBBF29}.Release|Any CPU.ActiveCfg = Release|Any CPU
		{966BCC84-0F8D-421F-B5ED-34D545DBBF29}.Release|Any CPU.Build.0 = Release|Any CPU
		{966BCC84-0F8D-421F-B5ED-34D545DBBF29}.Release|x64.ActiveCfg = Release|Any CPU
		{966BCC84-0F8D-421F-B5ED-34D545DBBF29}.Release|x64.Build.0 = Release|Any CPU
		{966BCC84-0F8D-421F-B5ED-34D545DBBF29}.Release|x86.ActiveCfg = Release|Any CPU
		{966BCC84-0F8D-421F-B5ED-34D545DBBF29}.Release|x86.Build.0 = Release|Any CPU
		{F326EFE5-A30F-401E-A8E5-F49EB16A1620}.Debug|Any CPU.ActiveCfg = Debug|Any CPU
		{F326EFE5-A30F-401E-A8E5-F49EB16A1620}.Debug|Any CPU.Build.0 = Debug|Any CPU
		{F326EFE5-A30F-401E-A8E5-F49EB16A1620}.Debug|x64.ActiveCfg = Debug|Any CPU
		{F326EFE5-A30F-401E-A8E5-F49EB16A1620}.Debug|x64.Build.0 = Debug|Any CPU
		{F326EFE5-A30F-401E-A8E5-F49EB16A1620}.Debug|x86.ActiveCfg = Debug|Any CPU
		{F326EFE5-A30F-401E-A8E5-F49EB16A1620}.Debug|x86.Build.0 = Debug|Any CPU
		{F326EFE5-A30F-401E-A8E5-F49EB16A1620}.Release|Any CPU.ActiveCfg = Release|Any CPU
		{F326EFE5-A30F-401E-A8E5-F49EB16A1620}.Release|Any CPU.Build.0 = Release|Any CPU
		{F326EFE5-A30F-401E-A8E5-F49EB16A1620}.Release|x64.ActiveCfg = Release|Any CPU
		{F326EFE5-A30F-401E-A8E5-F49EB16A1620}.Release|x64.Build.0 = Release|Any CPU
		{F326EFE5-A30F-401E-A8E5-F49EB16A1620}.Release|x86.ActiveCfg = Release|Any CPU
		{F326EFE5-A30F-401E-A8E5-F49EB16A1620}.Release|x86.Build.0 = Release|Any CPU
		{DB13E795-C832-4130-A3B9-525068CB1398}.Debug|Any CPU.ActiveCfg = Debug|Any CPU
		{DB13E795-C832-4130-A3B9-525068CB1398}.Debug|Any CPU.Build.0 = Debug|Any CPU
		{DB13E795-C832-4130-A3B9-525068CB1398}.Debug|x64.ActiveCfg = Debug|Any CPU
		{DB13E795-C832-4130-A3B9-525068CB1398}.Debug|x64.Build.0 = Debug|Any CPU
		{DB13E795-C832-4130-A3B9-525068CB1398}.Debug|x86.ActiveCfg = Debug|Any CPU
		{DB13E795-C832-4130-A3B9-525068CB1398}.Debug|x86.Build.0 = Debug|Any CPU
		{DB13E795-C832-4130-A3B9-525068CB1398}.Release|Any CPU.ActiveCfg = Release|Any CPU
		{DB13E795-C832-4130-A3B9-525068CB1398}.Release|Any CPU.Build.0 = Release|Any CPU
		{DB13E795-C832-4130-A3B9-525068CB1398}.Release|x64.ActiveCfg = Release|Any CPU
		{DB13E795-C832-4130-A3B9-525068CB1398}.Release|x64.Build.0 = Release|Any CPU
		{DB13E795-C832-4130-A3B9-525068CB1398}.Release|x86.ActiveCfg = Release|Any CPU
		{DB13E795-C832-4130-A3B9-525068CB1398}.Release|x86.Build.0 = Release|Any CPU
		{5132D3BF-6701-4E16-89DD-86BA72A2951D}.Debug|Any CPU.ActiveCfg = Debug|Any CPU
		{5132D3BF-6701-4E16-89DD-86BA72A2951D}.Debug|Any CPU.Build.0 = Debug|Any CPU
		{5132D3BF-6701-4E16-89DD-86BA72A2951D}.Debug|x64.ActiveCfg = Debug|Any CPU
		{5132D3BF-6701-4E16-89DD-86BA72A2951D}.Debug|x64.Build.0 = Debug|Any CPU
		{5132D3BF-6701-4E16-89DD-86BA72A2951D}.Debug|x86.ActiveCfg = Debug|Any CPU
		{5132D3BF-6701-4E16-89DD-86BA72A2951D}.Debug|x86.Build.0 = Debug|Any CPU
		{5132D3BF-6701-4E16-89DD-86BA72A2951D}.Release|Any CPU.ActiveCfg = Release|Any CPU
		{5132D3BF-6701-4E16-89DD-86BA72A2951D}.Release|Any CPU.Build.0 = Release|Any CPU
		{5132D3BF-6701-4E16-89DD-86BA72A2951D}.Release|x64.ActiveCfg = Release|Any CPU
		{5132D3BF-6701-4E16-89DD-86BA72A2951D}.Release|x64.Build.0 = Release|Any CPU
		{5132D3BF-6701-4E16-89DD-86BA72A2951D}.Release|x86.ActiveCfg = Release|Any CPU
		{5132D3BF-6701-4E16-89DD-86BA72A2951D}.Release|x86.Build.0 = Release|Any CPU
		{9A220E69-222D-435F-94EC-D12112FCD5D2}.Debug|Any CPU.ActiveCfg = Debug|Any CPU
		{9A220E69-222D-435F-94EC-D12112FCD5D2}.Debug|Any CPU.Build.0 = Debug|Any CPU
		{9A220E69-222D-435F-94EC-D12112FCD5D2}.Debug|x64.ActiveCfg = Debug|Any CPU
		{9A220E69-222D-435F-94EC-D12112FCD5D2}.Debug|x64.Build.0 = Debug|Any CPU
		{9A220E69-222D-435F-94EC-D12112FCD5D2}.Debug|x86.ActiveCfg = Debug|Any CPU
		{9A220E69-222D-435F-94EC-D12112FCD5D2}.Debug|x86.Build.0 = Debug|Any CPU
		{9A220E69-222D-435F-94EC-D12112FCD5D2}.Release|Any CPU.ActiveCfg = Release|Any CPU
		{9A220E69-222D-435F-94EC-D12112FCD5D2}.Release|Any CPU.Build.0 = Release|Any CPU
		{9A220E69-222D-435F-94EC-D12112FCD5D2}.Release|x64.ActiveCfg = Release|Any CPU
		{9A220E69-222D-435F-94EC-D12112FCD5D2}.Release|x64.Build.0 = Release|Any CPU
		{9A220E69-222D-435F-94EC-D12112FCD5D2}.Release|x86.ActiveCfg = Release|Any CPU
		{9A220E69-222D-435F-94EC-D12112FCD5D2}.Release|x86.Build.0 = Release|Any CPU
		{DE9C23A4-2CAB-4CE8-BAB3-B458D833DAE7}.Debug|Any CPU.ActiveCfg = Debug|Any CPU
		{DE9C23A4-2CAB-4CE8-BAB3-B458D833DAE7}.Debug|Any CPU.Build.0 = Debug|Any CPU
		{DE9C23A4-2CAB-4CE8-BAB3-B458D833DAE7}.Debug|x64.ActiveCfg = Debug|Any CPU
		{DE9C23A4-2CAB-4CE8-BAB3-B458D833DAE7}.Debug|x64.Build.0 = Debug|Any CPU
		{DE9C23A4-2CAB-4CE8-BAB3-B458D833DAE7}.Debug|x86.ActiveCfg = Debug|Any CPU
		{DE9C23A4-2CAB-4CE8-BAB3-B458D833DAE7}.Debug|x86.Build.0 = Debug|Any CPU
		{DE9C23A4-2CAB-4CE8-BAB3-B458D833DAE7}.Release|Any CPU.ActiveCfg = Release|Any CPU
		{DE9C23A4-2CAB-4CE8-BAB3-B458D833DAE7}.Release|Any CPU.Build.0 = Release|Any CPU
		{DE9C23A4-2CAB-4CE8-BAB3-B458D833DAE7}.Release|x64.ActiveCfg = Release|Any CPU
		{DE9C23A4-2CAB-4CE8-BAB3-B458D833DAE7}.Release|x64.Build.0 = Release|Any CPU
		{DE9C23A4-2CAB-4CE8-BAB3-B458D833DAE7}.Release|x86.ActiveCfg = Release|Any CPU
		{DE9C23A4-2CAB-4CE8-BAB3-B458D833DAE7}.Release|x86.Build.0 = Release|Any CPU
		{B95EA107-E3E1-4B08-9B28-91567AB811E3}.Debug|Any CPU.ActiveCfg = Debug|Any CPU
		{B95EA107-E3E1-4B08-9B28-91567AB811E3}.Debug|Any CPU.Build.0 = Debug|Any CPU
		{B95EA107-E3E1-4B08-9B28-91567AB811E3}.Debug|x64.ActiveCfg = Debug|Any CPU
		{B95EA107-E3E1-4B08-9B28-91567AB811E3}.Debug|x64.Build.0 = Debug|Any CPU
		{B95EA107-E3E1-4B08-9B28-91567AB811E3}.Debug|x86.ActiveCfg = Debug|Any CPU
		{B95EA107-E3E1-4B08-9B28-91567AB811E3}.Debug|x86.Build.0 = Debug|Any CPU
		{B95EA107-E3E1-4B08-9B28-91567AB811E3}.Release|Any CPU.ActiveCfg = Release|Any CPU
		{B95EA107-E3E1-4B08-9B28-91567AB811E3}.Release|Any CPU.Build.0 = Release|Any CPU
		{B95EA107-E3E1-4B08-9B28-91567AB811E3}.Release|x64.ActiveCfg = Release|Any CPU
		{B95EA107-E3E1-4B08-9B28-91567AB811E3}.Release|x64.Build.0 = Release|Any CPU
		{B95EA107-E3E1-4B08-9B28-91567AB811E3}.Release|x86.ActiveCfg = Release|Any CPU
		{B95EA107-E3E1-4B08-9B28-91567AB811E3}.Release|x86.Build.0 = Release|Any CPU
		{8E44E56C-7AF2-467A-AAD5-A441874838DA}.Debug|Any CPU.ActiveCfg = Debug|Any CPU
		{8E44E56C-7AF2-467A-AAD5-A441874838DA}.Debug|Any CPU.Build.0 = Debug|Any CPU
		{8E44E56C-7AF2-467A-AAD5-A441874838DA}.Debug|x64.ActiveCfg = Debug|Any CPU
		{8E44E56C-7AF2-467A-AAD5-A441874838DA}.Debug|x64.Build.0 = Debug|Any CPU
		{8E44E56C-7AF2-467A-AAD5-A441874838DA}.Debug|x86.ActiveCfg = Debug|Any CPU
		{8E44E56C-7AF2-467A-AAD5-A441874838DA}.Debug|x86.Build.0 = Debug|Any CPU
		{8E44E56C-7AF2-467A-AAD5-A441874838DA}.Release|Any CPU.ActiveCfg = Release|Any CPU
		{8E44E56C-7AF2-467A-AAD5-A441874838DA}.Release|Any CPU.Build.0 = Release|Any CPU
		{8E44E56C-7AF2-467A-AAD5-A441874838DA}.Release|x64.ActiveCfg = Release|Any CPU
		{8E44E56C-7AF2-467A-AAD5-A441874838DA}.Release|x64.Build.0 = Release|Any CPU
		{8E44E56C-7AF2-467A-AAD5-A441874838DA}.Release|x86.ActiveCfg = Release|Any CPU
		{8E44E56C-7AF2-467A-AAD5-A441874838DA}.Release|x86.Build.0 = Release|Any CPU
		{C7F1BFCA-3C70-42E9-A6C8-3FE216399BDE}.Debug|Any CPU.ActiveCfg = Debug|Any CPU
		{C7F1BFCA-3C70-42E9-A6C8-3FE216399BDE}.Debug|Any CPU.Build.0 = Debug|Any CPU
		{C7F1BFCA-3C70-42E9-A6C8-3FE216399BDE}.Debug|x64.ActiveCfg = Debug|Any CPU
		{C7F1BFCA-3C70-42E9-A6C8-3FE216399BDE}.Debug|x64.Build.0 = Debug|Any CPU
		{C7F1BFCA-3C70-42E9-A6C8-3FE216399BDE}.Debug|x86.ActiveCfg = Debug|Any CPU
		{C7F1BFCA-3C70-42E9-A6C8-3FE216399BDE}.Debug|x86.Build.0 = Debug|Any CPU
		{C7F1BFCA-3C70-42E9-A6C8-3FE216399BDE}.Release|Any CPU.ActiveCfg = Release|Any CPU
		{C7F1BFCA-3C70-42E9-A6C8-3FE216399BDE}.Release|Any CPU.Build.0 = Release|Any CPU
		{C7F1BFCA-3C70-42E9-A6C8-3FE216399BDE}.Release|x64.ActiveCfg = Release|Any CPU
		{C7F1BFCA-3C70-42E9-A6C8-3FE216399BDE}.Release|x64.Build.0 = Release|Any CPU
		{C7F1BFCA-3C70-42E9-A6C8-3FE216399BDE}.Release|x86.ActiveCfg = Release|Any CPU
		{C7F1BFCA-3C70-42E9-A6C8-3FE216399BDE}.Release|x86.Build.0 = Release|Any CPU
		{7A646CC1-7825-43C8-BD0C-F8DCE20C0082}.Debug|Any CPU.ActiveCfg = Debug|Any CPU
		{7A646CC1-7825-43C8-BD0C-F8DCE20C0082}.Debug|Any CPU.Build.0 = Debug|Any CPU
		{7A646CC1-7825-43C8-BD0C-F8DCE20C0082}.Debug|x64.ActiveCfg = Debug|Any CPU
		{7A646CC1-7825-43C8-BD0C-F8DCE20C0082}.Debug|x64.Build.0 = Debug|Any CPU
		{7A646CC1-7825-43C8-BD0C-F8DCE20C0082}.Debug|x86.ActiveCfg = Debug|Any CPU
		{7A646CC1-7825-43C8-BD0C-F8DCE20C0082}.Debug|x86.Build.0 = Debug|Any CPU
		{7A646CC1-7825-43C8-BD0C-F8DCE20C0082}.Release|Any CPU.ActiveCfg = Release|Any CPU
		{7A646CC1-7825-43C8-BD0C-F8DCE20C0082}.Release|Any CPU.Build.0 = Release|Any CPU
		{7A646CC1-7825-43C8-BD0C-F8DCE20C0082}.Release|x64.ActiveCfg = Release|Any CPU
		{7A646CC1-7825-43C8-BD0C-F8DCE20C0082}.Release|x64.Build.0 = Release|Any CPU
		{7A646CC1-7825-43C8-BD0C-F8DCE20C0082}.Release|x86.ActiveCfg = Release|Any CPU
		{7A646CC1-7825-43C8-BD0C-F8DCE20C0082}.Release|x86.Build.0 = Release|Any CPU
		{356477E0-9560-42B5-8828-C808B996F730}.Debug|Any CPU.ActiveCfg = Debug|Any CPU
		{356477E0-9560-42B5-8828-C808B996F730}.Debug|Any CPU.Build.0 = Debug|Any CPU
		{356477E0-9560-42B5-8828-C808B996F730}.Debug|x64.ActiveCfg = Debug|Any CPU
		{356477E0-9560-42B5-8828-C808B996F730}.Debug|x64.Build.0 = Debug|Any CPU
		{356477E0-9560-42B5-8828-C808B996F730}.Debug|x86.ActiveCfg = Debug|Any CPU
		{356477E0-9560-42B5-8828-C808B996F730}.Debug|x86.Build.0 = Debug|Any CPU
		{356477E0-9560-42B5-8828-C808B996F730}.Release|Any CPU.ActiveCfg = Release|Any CPU
		{356477E0-9560-42B5-8828-C808B996F730}.Release|Any CPU.Build.0 = Release|Any CPU
		{356477E0-9560-42B5-8828-C808B996F730}.Release|x64.ActiveCfg = Release|Any CPU
		{356477E0-9560-42B5-8828-C808B996F730}.Release|x64.Build.0 = Release|Any CPU
		{356477E0-9560-42B5-8828-C808B996F730}.Release|x86.ActiveCfg = Release|Any CPU
		{356477E0-9560-42B5-8828-C808B996F730}.Release|x86.Build.0 = Release|Any CPU
		{1F700EEC-0CAA-4015-8760-E21D5FA23893}.Debug|Any CPU.ActiveCfg = Debug|Any CPU
		{1F700EEC-0CAA-4015-8760-E21D5FA23893}.Debug|Any CPU.Build.0 = Debug|Any CPU
		{1F700EEC-0CAA-4015-8760-E21D5FA23893}.Debug|x64.ActiveCfg = Debug|Any CPU
		{1F700EEC-0CAA-4015-8760-E21D5FA23893}.Debug|x64.Build.0 = Debug|Any CPU
		{1F700EEC-0CAA-4015-8760-E21D5FA23893}.Debug|x86.ActiveCfg = Debug|Any CPU
		{1F700EEC-0CAA-4015-8760-E21D5FA23893}.Debug|x86.Build.0 = Debug|Any CPU
		{1F700EEC-0CAA-4015-8760-E21D5FA23893}.Release|Any CPU.ActiveCfg = Release|Any CPU
		{1F700EEC-0CAA-4015-8760-E21D5FA23893}.Release|Any CPU.Build.0 = Release|Any CPU
		{1F700EEC-0CAA-4015-8760-E21D5FA23893}.Release|x64.ActiveCfg = Release|Any CPU
		{1F700EEC-0CAA-4015-8760-E21D5FA23893}.Release|x64.Build.0 = Release|Any CPU
		{1F700EEC-0CAA-4015-8760-E21D5FA23893}.Release|x86.ActiveCfg = Release|Any CPU
		{1F700EEC-0CAA-4015-8760-E21D5FA23893}.Release|x86.Build.0 = Release|Any CPU
		{578209DD-0EF5-4D3F-95B8-DAC24654FFDE}.Debug|Any CPU.ActiveCfg = Debug|Any CPU
		{578209DD-0EF5-4D3F-95B8-DAC24654FFDE}.Debug|Any CPU.Build.0 = Debug|Any CPU
		{578209DD-0EF5-4D3F-95B8-DAC24654FFDE}.Debug|x64.ActiveCfg = Debug|Any CPU
		{578209DD-0EF5-4D3F-95B8-DAC24654FFDE}.Debug|x64.Build.0 = Debug|Any CPU
		{578209DD-0EF5-4D3F-95B8-DAC24654FFDE}.Debug|x86.ActiveCfg = Debug|Any CPU
		{578209DD-0EF5-4D3F-95B8-DAC24654FFDE}.Debug|x86.Build.0 = Debug|Any CPU
		{578209DD-0EF5-4D3F-95B8-DAC24654FFDE}.Release|Any CPU.ActiveCfg = Release|Any CPU
		{578209DD-0EF5-4D3F-95B8-DAC24654FFDE}.Release|Any CPU.Build.0 = Release|Any CPU
		{578209DD-0EF5-4D3F-95B8-DAC24654FFDE}.Release|x64.ActiveCfg = Release|Any CPU
		{578209DD-0EF5-4D3F-95B8-DAC24654FFDE}.Release|x64.Build.0 = Release|Any CPU
		{578209DD-0EF5-4D3F-95B8-DAC24654FFDE}.Release|x86.ActiveCfg = Release|Any CPU
		{578209DD-0EF5-4D3F-95B8-DAC24654FFDE}.Release|x86.Build.0 = Release|Any CPU
		{8DA19E1D-8A0C-4F82-926E-2F7186F6AD8E}.Debug|Any CPU.ActiveCfg = Debug|Any CPU
		{8DA19E1D-8A0C-4F82-926E-2F7186F6AD8E}.Debug|Any CPU.Build.0 = Debug|Any CPU
		{8DA19E1D-8A0C-4F82-926E-2F7186F6AD8E}.Debug|x64.ActiveCfg = Debug|Any CPU
		{8DA19E1D-8A0C-4F82-926E-2F7186F6AD8E}.Debug|x64.Build.0 = Debug|Any CPU
		{8DA19E1D-8A0C-4F82-926E-2F7186F6AD8E}.Debug|x86.ActiveCfg = Debug|Any CPU
		{8DA19E1D-8A0C-4F82-926E-2F7186F6AD8E}.Debug|x86.Build.0 = Debug|Any CPU
		{8DA19E1D-8A0C-4F82-926E-2F7186F6AD8E}.Release|Any CPU.ActiveCfg = Release|Any CPU
		{8DA19E1D-8A0C-4F82-926E-2F7186F6AD8E}.Release|Any CPU.Build.0 = Release|Any CPU
		{8DA19E1D-8A0C-4F82-926E-2F7186F6AD8E}.Release|x64.ActiveCfg = Release|Any CPU
		{8DA19E1D-8A0C-4F82-926E-2F7186F6AD8E}.Release|x64.Build.0 = Release|Any CPU
		{8DA19E1D-8A0C-4F82-926E-2F7186F6AD8E}.Release|x86.ActiveCfg = Release|Any CPU
		{8DA19E1D-8A0C-4F82-926E-2F7186F6AD8E}.Release|x86.Build.0 = Release|Any CPU
		{AB4CE130-65E0-441E-94CE-13914B0288AE}.Debug|Any CPU.ActiveCfg = Debug|Any CPU
		{AB4CE130-65E0-441E-94CE-13914B0288AE}.Debug|Any CPU.Build.0 = Debug|Any CPU
		{AB4CE130-65E0-441E-94CE-13914B0288AE}.Debug|x64.ActiveCfg = Debug|Any CPU
		{AB4CE130-65E0-441E-94CE-13914B0288AE}.Debug|x64.Build.0 = Debug|Any CPU
		{AB4CE130-65E0-441E-94CE-13914B0288AE}.Debug|x86.ActiveCfg = Debug|Any CPU
		{AB4CE130-65E0-441E-94CE-13914B0288AE}.Debug|x86.Build.0 = Debug|Any CPU
		{AB4CE130-65E0-441E-94CE-13914B0288AE}.Release|Any CPU.ActiveCfg = Release|Any CPU
		{AB4CE130-65E0-441E-94CE-13914B0288AE}.Release|Any CPU.Build.0 = Release|Any CPU
		{AB4CE130-65E0-441E-94CE-13914B0288AE}.Release|x64.ActiveCfg = Release|Any CPU
		{AB4CE130-65E0-441E-94CE-13914B0288AE}.Release|x64.Build.0 = Release|Any CPU
		{AB4CE130-65E0-441E-94CE-13914B0288AE}.Release|x86.ActiveCfg = Release|Any CPU
		{AB4CE130-65E0-441E-94CE-13914B0288AE}.Release|x86.Build.0 = Release|Any CPU
		{295BE591-AC4B-4CF5-8C84-8BCE62BAC820}.Debug|Any CPU.ActiveCfg = Debug|Any CPU
		{295BE591-AC4B-4CF5-8C84-8BCE62BAC820}.Debug|Any CPU.Build.0 = Debug|Any CPU
		{295BE591-AC4B-4CF5-8C84-8BCE62BAC820}.Debug|x64.ActiveCfg = Debug|Any CPU
		{295BE591-AC4B-4CF5-8C84-8BCE62BAC820}.Debug|x64.Build.0 = Debug|Any CPU
		{295BE591-AC4B-4CF5-8C84-8BCE62BAC820}.Debug|x86.ActiveCfg = Debug|Any CPU
		{295BE591-AC4B-4CF5-8C84-8BCE62BAC820}.Debug|x86.Build.0 = Debug|Any CPU
		{295BE591-AC4B-4CF5-8C84-8BCE62BAC820}.Release|Any CPU.ActiveCfg = Release|Any CPU
		{295BE591-AC4B-4CF5-8C84-8BCE62BAC820}.Release|Any CPU.Build.0 = Release|Any CPU
		{295BE591-AC4B-4CF5-8C84-8BCE62BAC820}.Release|x64.ActiveCfg = Release|Any CPU
		{295BE591-AC4B-4CF5-8C84-8BCE62BAC820}.Release|x64.Build.0 = Release|Any CPU
		{295BE591-AC4B-4CF5-8C84-8BCE62BAC820}.Release|x86.ActiveCfg = Release|Any CPU
		{295BE591-AC4B-4CF5-8C84-8BCE62BAC820}.Release|x86.Build.0 = Release|Any CPU
		{D69CAB61-63DE-40CA-A053-4D22F04EFACD}.Debug|Any CPU.ActiveCfg = Debug|Any CPU
		{D69CAB61-63DE-40CA-A053-4D22F04EFACD}.Debug|Any CPU.Build.0 = Debug|Any CPU
		{D69CAB61-63DE-40CA-A053-4D22F04EFACD}.Debug|x64.ActiveCfg = Debug|Any CPU
		{D69CAB61-63DE-40CA-A053-4D22F04EFACD}.Debug|x64.Build.0 = Debug|Any CPU
		{D69CAB61-63DE-40CA-A053-4D22F04EFACD}.Debug|x86.ActiveCfg = Debug|Any CPU
		{D69CAB61-63DE-40CA-A053-4D22F04EFACD}.Debug|x86.Build.0 = Debug|Any CPU
		{D69CAB61-63DE-40CA-A053-4D22F04EFACD}.Release|Any CPU.ActiveCfg = Release|Any CPU
		{D69CAB61-63DE-40CA-A053-4D22F04EFACD}.Release|Any CPU.Build.0 = Release|Any CPU
		{D69CAB61-63DE-40CA-A053-4D22F04EFACD}.Release|x64.ActiveCfg = Release|Any CPU
		{D69CAB61-63DE-40CA-A053-4D22F04EFACD}.Release|x64.Build.0 = Release|Any CPU
		{D69CAB61-63DE-40CA-A053-4D22F04EFACD}.Release|x86.ActiveCfg = Release|Any CPU
		{D69CAB61-63DE-40CA-A053-4D22F04EFACD}.Release|x86.Build.0 = Release|Any CPU
		{231F5DCF-1B74-4A0A-ABAA-8AC24ED812E2}.Debug|Any CPU.ActiveCfg = Debug|Any CPU
		{231F5DCF-1B74-4A0A-ABAA-8AC24ED812E2}.Debug|Any CPU.Build.0 = Debug|Any CPU
		{231F5DCF-1B74-4A0A-ABAA-8AC24ED812E2}.Debug|x64.ActiveCfg = Debug|Any CPU
		{231F5DCF-1B74-4A0A-ABAA-8AC24ED812E2}.Debug|x64.Build.0 = Debug|Any CPU
		{231F5DCF-1B74-4A0A-ABAA-8AC24ED812E2}.Debug|x86.ActiveCfg = Debug|Any CPU
		{231F5DCF-1B74-4A0A-ABAA-8AC24ED812E2}.Debug|x86.Build.0 = Debug|Any CPU
		{231F5DCF-1B74-4A0A-ABAA-8AC24ED812E2}.Release|Any CPU.ActiveCfg = Release|Any CPU
		{231F5DCF-1B74-4A0A-ABAA-8AC24ED812E2}.Release|Any CPU.Build.0 = Release|Any CPU
		{231F5DCF-1B74-4A0A-ABAA-8AC24ED812E2}.Release|x64.ActiveCfg = Release|Any CPU
		{231F5DCF-1B74-4A0A-ABAA-8AC24ED812E2}.Release|x64.Build.0 = Release|Any CPU
		{231F5DCF-1B74-4A0A-ABAA-8AC24ED812E2}.Release|x86.ActiveCfg = Release|Any CPU
		{231F5DCF-1B74-4A0A-ABAA-8AC24ED812E2}.Release|x86.Build.0 = Release|Any CPU
	EndGlobalSection
	GlobalSection(SolutionProperties) = preSolution
		HideSolutionNode = FALSE
	EndGlobalSection
	GlobalSection(NestedProjects) = preSolution
		{6E3DFF2F-30C5-4A6F-A643-E9FA2B500786} = {827E0CD3-B72D-47B6-A68D-7590B98EB39B}
		{E541940B-59F6-487F-A7CE-A3FC14679E73} = {827E0CD3-B72D-47B6-A68D-7590B98EB39B}
		{12502AC9-166E-4600-B714-0415A58CA398} = {827E0CD3-B72D-47B6-A68D-7590B98EB39B}
		{41CD2F86-2FE9-4EBD-8FAE-9ABE6F8D319C} = {827E0CD3-B72D-47B6-A68D-7590B98EB39B}
		{81695BC8-384B-469F-A768-634CB2D6A257} = {827E0CD3-B72D-47B6-A68D-7590B98EB39B}
		{4229A323-E301-4CD2-B0E0-69038D137A64} = {827E0CD3-B72D-47B6-A68D-7590B98EB39B}
		{37D117B6-7356-40E4-ACBC-E096E94AF2AF} = {827E0CD3-B72D-47B6-A68D-7590B98EB39B}
		{966BCC84-0F8D-421F-B5ED-34D545DBBF29} = {827E0CD3-B72D-47B6-A68D-7590B98EB39B}
		{F326EFE5-A30F-401E-A8E5-F49EB16A1620} = {827E0CD3-B72D-47B6-A68D-7590B98EB39B}
		{DB13E795-C832-4130-A3B9-525068CB1398} = {827E0CD3-B72D-47B6-A68D-7590B98EB39B}
		{5132D3BF-6701-4E16-89DD-86BA72A2951D} = {827E0CD3-B72D-47B6-A68D-7590B98EB39B}
		{9A220E69-222D-435F-94EC-D12112FCD5D2} = {827E0CD3-B72D-47B6-A68D-7590B98EB39B}
		{DE9C23A4-2CAB-4CE8-BAB3-B458D833DAE7} = {827E0CD3-B72D-47B6-A68D-7590B98EB39B}
		{B95EA107-E3E1-4B08-9B28-91567AB811E3} = {827E0CD3-B72D-47B6-A68D-7590B98EB39B}
		{8E44E56C-7AF2-467A-AAD5-A441874838DA} = {827E0CD3-B72D-47B6-A68D-7590B98EB39B}
		{C7F1BFCA-3C70-42E9-A6C8-3FE216399BDE} = {827E0CD3-B72D-47B6-A68D-7590B98EB39B}
		{7A646CC1-7825-43C8-BD0C-F8DCE20C0082} = {0AB3BF05-4346-4AA6-1389-037BE0695223}
		{356477E0-9560-42B5-8828-C808B996F730} = {0AB3BF05-4346-4AA6-1389-037BE0695223}
		{1F700EEC-0CAA-4015-8760-E21D5FA23893} = {0AB3BF05-4346-4AA6-1389-037BE0695223}
		{578209DD-0EF5-4D3F-95B8-DAC24654FFDE} = {0AB3BF05-4346-4AA6-1389-037BE0695223}
		{8DA19E1D-8A0C-4F82-926E-2F7186F6AD8E} = {0AB3BF05-4346-4AA6-1389-037BE0695223}
		{AB4CE130-65E0-441E-94CE-13914B0288AE} = {0AB3BF05-4346-4AA6-1389-037BE0695223}
		{295BE591-AC4B-4CF5-8C84-8BCE62BAC820} = {0AB3BF05-4346-4AA6-1389-037BE0695223}
		{D69CAB61-63DE-40CA-A053-4D22F04EFACD} = {0AB3BF05-4346-4AA6-1389-037BE0695223}
		{231F5DCF-1B74-4A0A-ABAA-8AC24ED812E2} = {0AB3BF05-4346-4AA6-1389-037BE0695223}
	EndGlobalSection
EndGlobal
